
Microsoft Visual Studio Solution File, Format Version 12.00
# Visual Studio Version 17
VisualStudioVersion = 17.11.35327.3
MinimumVisualStudioVersion = 10.0.40219.1
Project("{FAE04EC0-301F-11D3-BF4B-00C04F79EFBC}") = "YandexMusic", "YandexMusic\YandexMusic.csproj", "{FEBDF715-48BB-46F2-ABC6-6FF32131B5B0}"
EndProject
Project("{FAE04EC0-301F-11D3-BF4B-00C04F79EFBC}") = "Yandex.Music.Api", "Yandex.Music.Api\Yandex.Music.Api.csproj", "{FC36E655-F10D-4C10-8105-FAFD247D1234}"
EndProject
Project("{FAE04EC0-301F-11D3-BF4B-00C04F79EFBC}") = "Yandex.Music.Client", "Yandex.Music.Client\Yandex.Music.Client.csproj", "{E6B9359A-D81F-4324-9E75-3B29BD4015B4}"
EndProject
Global
	GlobalSection(SolutionConfigurationPlatforms) = preSolution
		Debug|Any CPU = Debug|Any CPU
		Debug|ARM = Debug|ARM
		Debug|ARM64 = Debug|ARM64
		Debug|x64 = Debug|x64
		Debug|x86 = Debug|x86
		Release|Any CPU = Release|Any CPU
		Release|ARM = Release|ARM
		Release|ARM64 = Release|ARM64
		Release|x64 = Release|x64
		Release|x86 = Release|x86
	EndGlobalSection
	GlobalSection(ProjectConfigurationPlatforms) = postSolution
		{FEBDF715-48BB-46F2-ABC6-6FF32131B5B0}.Debug|Any CPU.ActiveCfg = Debug|x64
		{FEBDF715-48BB-46F2-ABC6-6FF32131B5B0}.Debug|Any CPU.Build.0 = Debug|x64
		{FEBDF715-48BB-46F2-ABC6-6FF32131B5B0}.Debug|Any CPU.Deploy.0 = Debug|x64
		{FEBDF715-48BB-46F2-ABC6-6FF32131B5B0}.Debug|ARM.ActiveCfg = Debug|ARM
		{FEBDF715-48BB-46F2-ABC6-6FF32131B5B0}.Debug|ARM.Build.0 = Debug|ARM
		{FEBDF715-48BB-46F2-ABC6-6FF32131B5B0}.Debug|ARM.Deploy.0 = Debug|ARM
		{FEBDF715-48BB-46F2-ABC6-6FF32131B5B0}.Debug|ARM64.ActiveCfg = Debug|ARM64
		{FEBDF715-48BB-46F2-ABC6-6FF32131B5B0}.Debug|ARM64.Build.0 = Debug|ARM64
		{FEBDF715-48BB-46F2-ABC6-6FF32131B5B0}.Debug|ARM64.Deploy.0 = Debug|ARM64
		{FEBDF715-48BB-46F2-ABC6-6FF32131B5B0}.Debug|x64.ActiveCfg = Debug|x64
		{FEBDF715-48BB-46F2-ABC6-6FF32131B5B0}.Debug|x64.Build.0 = Debug|x64
		{FEBDF715-48BB-46F2-ABC6-6FF32131B5B0}.Debug|x64.Deploy.0 = Debug|x64
		{FEBDF715-48BB-46F2-ABC6-6FF32131B5B0}.Debug|x86.ActiveCfg = Debug|x86
		{FEBDF715-48BB-46F2-ABC6-6FF32131B5B0}.Debug|x86.Build.0 = Debug|x86
		{FEBDF715-48BB-46F2-ABC6-6FF32131B5B0}.Debug|x86.Deploy.0 = Debug|x86
		{FEBDF715-48BB-46F2-ABC6-6FF32131B5B0}.Release|Any CPU.ActiveCfg = Release|x64
		{FEBDF715-48BB-46F2-ABC6-6FF32131B5B0}.Release|Any CPU.Build.0 = Release|x64
		{FEBDF715-48BB-46F2-ABC6-6FF32131B5B0}.Release|Any CPU.Deploy.0 = Release|x64
		{FEBDF715-48BB-46F2-ABC6-6FF32131B5B0}.Release|ARM.ActiveCfg = Release|ARM
		{FEBDF715-48BB-46F2-ABC6-6FF32131B5B0}.Release|ARM.Build.0 = Release|ARM
		{FEBDF715-48BB-46F2-ABC6-6FF32131B5B0}.Release|ARM.Deploy.0 = Release|ARM
		{FEBDF715-48BB-46F2-ABC6-6FF32131B5B0}.Release|ARM64.ActiveCfg = Release|ARM64
		{FEBDF715-48BB-46F2-ABC6-6FF32131B5B0}.Release|ARM64.Build.0 = Release|ARM64
		{FEBDF715-48BB-46F2-ABC6-6FF32131B5B0}.Release|ARM64.Deploy.0 = Release|ARM64
		{FEBDF715-48BB-46F2-ABC6-6FF32131B5B0}.Release|x64.ActiveCfg = Release|x64
		{FEBDF715-48BB-46F2-ABC6-6FF32131B5B0}.Release|x64.Build.0 = Release|x64
		{FEBDF715-48BB-46F2-ABC6-6FF32131B5B0}.Release|x64.Deploy.0 = Release|x64
		{FEBDF715-48BB-46F2-ABC6-6FF32131B5B0}.Release|x86.ActiveCfg = Release|x86
		{FEBDF715-48BB-46F2-ABC6-6FF32131B5B0}.Release|x86.Build.0 = Release|x86
		{FEBDF715-48BB-46F2-ABC6-6FF32131B5B0}.Release|x86.Deploy.0 = Release|x86
		{FC36E655-F10D-4C10-8105-FAFD247D1234}.Debug|Any CPU.ActiveCfg = Debug|Any CPU
		{FC36E655-F10D-4C10-8105-FAFD247D1234}.Debug|Any CPU.Build.0 = Debug|Any CPU
		{FC36E655-F10D-4C10-8105-FAFD247D1234}.Debug|ARM.ActiveCfg = Debug|ARM
		{FC36E655-F10D-4C10-8105-FAFD247D1234}.Debug|ARM.Build.0 = Debug|ARM
		{FC36E655-F10D-4C10-8105-FAFD247D1234}.Debug|ARM64.ActiveCfg = Debug|ARM64
		{FC36E655-F10D-4C10-8105-FAFD247D1234}.Debug|ARM64.Build.0 = Debug|ARM64
		{FC36E655-F10D-4C10-8105-FAFD247D1234}.Debug|x64.ActiveCfg = Debug|x64
		{FC36E655-F10D-4C10-8105-FAFD247D1234}.Debug|x64.Build.0 = Debug|x64
		{FC36E655-F10D-4C10-8105-FAFD247D1234}.Debug|x86.ActiveCfg = Debug|x86
		{FC36E655-F10D-4C10-8105-FAFD247D1234}.Debug|x86.Build.0 = Debug|x86
		{FC36E655-F10D-4C10-8105-FAFD247D1234}.Release|Any CPU.ActiveCfg = Release|Any CPU
		{FC36E655-F10D-4C10-8105-FAFD247D1234}.Release|Any CPU.Build.0 = Release|Any CPU
		{FC36E655-F10D-4C10-8105-FAFD247D1234}.Release|ARM.ActiveCfg = Release|ARM
		{FC36E655-F10D-4C10-8105-FAFD247D1234}.Release|ARM.Build.0 = Release|ARM
		{FC36E655-F10D-4C10-8105-FAFD247D1234}.Release|ARM64.ActiveCfg = Release|ARM64
		{FC36E655-F10D-4C10-8105-FAFD247D1234}.Release|ARM64.Build.0 = Release|ARM64
		{FC36E655-F10D-4C10-8105-FAFD247D1234}.Release|x64.ActiveCfg = Release|x64
		{FC36E655-F10D-4C10-8105-FAFD247D1234}.Release|x64.Build.0 = Release|x64
		{FC36E655-F10D-4C10-8105-FAFD247D1234}.Release|x86.ActiveCfg = Release|x86
		{FC36E655-F10D-4C10-8105-FAFD247D1234}.Release|x86.Build.0 = Release|x86
		{E6B9359A-D81F-4324-9E75-3B29BD4015B4}.Debug|Any CPU.ActiveCfg = Debug|Any CPU
		{E6B9359A-D81F-4324-9E75-3B29BD4015B4}.Debug|Any CPU.Build.0 = Debug|Any CPU
		{E6B9359A-D81F-4324-9E75-3B29BD4015B4}.Debug|ARM.ActiveCfg = Debug|ARM
		{E6B9359A-D81F-4324-9E75-3B29BD4015B4}.Debug|ARM.Build.0 = Debug|ARM
		{E6B9359A-D81F-4324-9E75-3B29BD4015B4}.Debug|ARM64.ActiveCfg = Debug|ARM64
		{E6B9359A-D81F-4324-9E75-3B29BD4015B4}.Debug|ARM64.Build.0 = Debug|ARM64
		{E6B9359A-D81F-4324-9E75-3B29BD4015B4}.Debug|x64.ActiveCfg = Debug|x64
		{E6B9359A-D81F-4324-9E75-3B29BD4015B4}.Debug|x64.Build.0 = Debug|x64
		{E6B9359A-D81F-4324-9E75-3B29BD4015B4}.Debug|x86.ActiveCfg = Debug|x86
		{E6B9359A-D81F-4324-9E75-3B29BD4015B4}.Debug|x86.Build.0 = Debug|x86
		{E6B9359A-D81F-4324-9E75-3B29BD4015B4}.Release|Any CPU.ActiveCfg = Release|Any CPU
		{E6B9359A-D81F-4324-9E75-3B29BD4015B4}.Release|Any CPU.Build.0 = Release|Any CPU
		{E6B9359A-D81F-4324-9E75-3B29BD4015B4}.Release|ARM.ActiveCfg = Release|ARM
		{E6B9359A-D81F-4324-9E75-3B29BD4015B4}.Release|ARM.Build.0 = Release|ARM
		{E6B9359A-D81F-4324-9E75-3B29BD4015B4}.Release|ARM64.ActiveCfg = Release|ARM64
		{E6B9359A-D81F-4324-9E75-3B29BD4015B4}.Release|ARM64.Build.0 = Release|ARM64
		{E6B9359A-D81F-4324-9E75-3B29BD4015B4}.Release|x64.ActiveCfg = Release|x64
		{E6B9359A-D81F-4324-9E75-3B29BD4015B4}.Release|x64.Build.0 = Release|x64
		{E6B9359A-D81F-4324-9E75-3B29BD4015B4}.Release|x86.ActiveCfg = Release|x86
		{E6B9359A-D81F-4324-9E75-3B29BD4015B4}.Release|x86.Build.0 = Release|x86
	EndGlobalSection
	GlobalSection(SolutionProperties) = preSolution
		HideSolutionNode = FALSE
	EndGlobalSection
	GlobalSection(ExtensibilityGlobals) = postSolution
		SolutionGuid = {4D3FC59C-7F04-44BE-AFC9-F07BF7401C1D}
	EndGlobalSection
EndGlobal
